schema: '2.0'
stages:
  prepare_data:
    cmd: python -m src.data.make_dataset
    deps:
    - path: data/data.csv
      hash: md5
      md5: 8bebdd2b5f17ac8b0a1cd2d2639b4d71
      size: 8004623
    - path: src/data/make_dataset.py
      hash: md5
      md5: 62863030eba448547eb477ad44ccfae1
      size: 5688
    params:
      params.yaml:
        data.full_prepared_path: data/processed/data_prepared.csv
        data.raw_path: data/data.csv
        data.test_path: data/processed/test_data_prepared.csv
        data.train_path: data/processed/train_data_prepared.csv
        data.val_path: data/processed/val_data_prepared.csv
        features.use_delta_features: true
        preprocessing.date_column: date
        preprocessing.days_before_failure: 3
        preprocessing.failure_column: failure
        preprocessing.id_column: serial_number
        preprocessing.keep_healthy_fraction: 0.1
        preprocessing.smart_columns:
        - smart_1_raw
        - smart_2_raw
        - smart_3_raw
        - smart_5_raw
        - smart_12_raw
        - smart_22_raw
        - smart_192_raw
        - smart_194_raw
        - smart_197_raw
        - smart_198_raw
        - smart_199_raw
        preprocessing.target_column: target
        preprocessing.train_ratio: 0.7
        preprocessing.val_ratio: 0.15
        seed: 42
    outs:
    - path: data/processed/data_prepared.csv
      hash: md5
      md5: 1bc0c926175cd9aa66471a2003a439e8
      size: 1905796
    - path: data/processed/test_data_prepared.csv
      hash: md5
      md5: 55e75cca17a2cb219f0341a9bc4dc396
      size: 286637
    - path: data/processed/train_data_prepared.csv
      hash: md5
      md5: 1331e215a98152a4bb92db7cb3f2c8c2
      size: 1367483
    - path: data/processed/val_data_prepared.csv
      hash: md5
      md5: 539cd2d74e6f6c455a85696806a72c1e
      size: 252452
  train:
    cmd: python -m src.models.train_baseline
    deps:
    - path: data/processed/train_data_prepared.csv
      hash: md5
      md5: 1331e215a98152a4bb92db7cb3f2c8c2
      size: 1367483
    - path: src/models/train_baseline.py
      hash: md5
      md5: 2d23401f9afb6631fee6f5d690b73a29
      size: 6699
    params:
      params.yaml:
        data.train_path: data/processed/train_data_prepared.csv
        features.use_delta_features: true
        features.window_size: 7
        mlflow.experiment_name: hdd_failure
        mlflow.model_artifact_name: model
        mlflow.registered_model_name: hdd_failure_random_forest
        mlflow.run_info_path: models/mlflow_run.json
        mlflow.tracking_uri: mlflow.db
        model.artifact_path: models/rf_model.pkl
        model.features_path: models/features.json
        model.params:
          n_estimators: 100
          max_depth: 10
          class_weight: balanced
          random_state: 42
          n_jobs: -1
        model.preprocessing_path: models/preprocessing.json
        preprocessing.id_column: serial_number
        preprocessing.smart_columns:
        - smart_1_raw
        - smart_2_raw
        - smart_3_raw
        - smart_5_raw
        - smart_12_raw
        - smart_22_raw
        - smart_192_raw
        - smart_194_raw
        - smart_197_raw
        - smart_198_raw
        - smart_199_raw
        preprocessing.target_column: target
        seed: 42
    outs:
    - path: models/features.json
      hash: md5
      md5: de3ac6186991790465eaf7e308ffbee0
      size: 2143
    - path: models/mlflow_run.json
      hash: md5
      md5: 45891b02655b21d19556bbe81fedaa00
      size: 205
    - path: models/preprocessing.json
      hash: md5
      md5: e2c9db08c97d45310d6bde05d64e884e
      size: 3816
    - path: models/rf_model.pkl
      hash: md5
      md5: 3b174f9f61a581a542f820500d2777ba
      size: 1231449
  evaluate:
    cmd: python -m src.models.evaluate_baseline
    deps:
    - path: data/processed/test_data_prepared.csv
      hash: md5
      md5: 55e75cca17a2cb219f0341a9bc4dc396
      size: 286637
    - path: models/mlflow_run.json
      hash: md5
      md5: 45891b02655b21d19556bbe81fedaa00
      size: 205
    - path: models/preprocessing.json
      hash: md5
      md5: e2c9db08c97d45310d6bde05d64e884e
      size: 3816
    - path: models/rf_model.pkl
      hash: md5
      md5: 3b174f9f61a581a542f820500d2777ba
      size: 1231449
    - path: src/models/evaluate_baseline.py
      hash: md5
      md5: adeed924f5522cbe1203c4e414456ef9
      size: 3718
    - path: src/models/train_baseline.py
      hash: md5
      md5: 2d23401f9afb6631fee6f5d690b73a29
      size: 6699
    params:
      params.yaml:
        data.test_path: data/processed/test_data_prepared.csv
        metrics.output_path: metrics/metrics.json
        metrics.prediction_threshold: 0.5
        mlflow.registered_model_name: hdd_failure_random_forest
        mlflow.run_info_path: models/mlflow_run.json
        mlflow.tracking_uri: mlflow.db
        model.artifact_path: models/rf_model.pkl
        model.preprocessing_path: models/preprocessing.json
    outs:
    - path: metrics/metrics.json
      hash: md5
      md5: 6c6b6b33b07d44b03c96bcc41aae0318
      size: 254
  drift:
    cmd: python -m src.monitoring.calculate_drift
    deps:
    - path: data/processed/test_data_prepared.csv
      hash: md5
      md5: 55e75cca17a2cb219f0341a9bc4dc396
      size: 286637
    - path: data/processed/train_data_prepared.csv
      hash: md5
      md5: 1331e215a98152a4bb92db7cb3f2c8c2
      size: 1367483
    - path: data/processed/val_data_prepared.csv
      hash: md5
      md5: 539cd2d74e6f6c455a85696806a72c1e
      size: 252452
    - path: models/preprocessing.json
      hash: md5
      md5: e2c9db08c97d45310d6bde05d64e884e
      size: 3816
    - path: models/rf_model.pkl
      hash: md5
      md5: 3b174f9f61a581a542f820500d2777ba
      size: 1231449
    - path: src/models/evaluate_baseline.py
      hash: md5
      md5: adeed924f5522cbe1203c4e414456ef9
      size: 3718
    - path: src/models/train_baseline.py
      hash: md5
      md5: 2d23401f9afb6631fee6f5d690b73a29
      size: 6699
    - path: src/monitoring/calculate_drift.py
      hash: md5
      md5: 66d760c29c608943f3147161be03b27e
      size: 9501
    params:
      params.yaml:
        data.test_path: data/processed/test_data_prepared.csv
        data.train_path: data/processed/train_data_prepared.csv
        data.val_path: data/processed/val_data_prepared.csv
        drift.concept_drift_threshold: 0.05
        drift.data_drift_threshold: 0.2
        drift.primary_concept_metric: pr_auc
        drift.psi_bins: 10
        drift.target_drift_threshold: 0.1
        metrics.drift_output_path: metrics/drift_metrics.json
        metrics.prediction_threshold: 0.5
        model.artifact_path: models/rf_model.pkl
        model.preprocessing_path: models/preprocessing.json
    outs:
    - path: metrics/drift_metrics.json
      hash: md5
      md5: d198ee4d01e8aa880f2a26270ca10678
      size: 10804
